
Microsoft Visual Studio Solution File, Format Version 12.00
# Visual Studio Version 17
VisualStudioVersion = 17.14.36705.20 d17.14
MinimumVisualStudioVersion = 10.0.40219.1
Project("{FAE04EC0-301F-11D3-BF4B-00C04F79EFBC}") = "SingleViewWithMultipleModel", "SingleViewWithMultipleModel\SingleViewWithMultipleModel.csproj", "{109DC3DB-C0CC-4282-B19E-4E6A5A0ED9C7}"
EndProject
Global
	GlobalSection(SolutionConfigurationPlatforms) = preSolution
		Debug|Any CPU = Debug|Any CPU
		Release|Any CPU = Release|Any CPU
	EndGlobalSection
	GlobalSection(ProjectConfigurationPlatforms) = postSolution
		{109DC3DB-C0CC-4282-B19E-4E6A5A0ED9C7}.Debug|Any CPU.ActiveCfg = Debug|Any CPU
		{109DC3DB-C0CC-4282-B19E-4E6A5A0ED9C7}.Debug|Any CPU.Build.0 = Debug|Any CPU
		{109DC3DB-C0CC-4282-B19E-4E6A5A0ED9C7}.Release|Any CPU.ActiveCfg = Release|Any CPU
		{109DC3DB-C0CC-4282-B19E-4E6A5A0ED9C7}.Release|Any CPU.Build.0 = Release|Any CPU
	EndGlobalSection
	GlobalSection(SolutionProperties) = preSolution
		HideSolutionNode = FALSE
	EndGlobalSection
	GlobalSection(ExtensibilityGlobals) = postSolution
		SolutionGuid = {A766A84E-3568-4C86-BF46-5B4338E7FF49}
	EndGlobalSection
EndGlobal
